
Microsoft Visual Studio Solution File, Format Version 12.00
# Visual Studio 15
VisualStudioVersion = 15.0.27703.2042
MinimumVisualStudioVersion = 10.0.40219.1
Project("{FAE04EC0-301F-11D3-BF4B-00C04F79EFBC}") = "ILP_002-Anglar_VI393317_VijayaprabakaranS", "ILP_002-Anglar_VI393317_VijayaprabakaranS\ILP_002-Anglar_VI393317_VijayaprabakaranS.csproj", "{04F5F807-6868-4EB7-A03C-7B165A400AF4}"
EndProject
Global
	GlobalSection(SolutionConfigurationPlatforms) = preSolution
		Debug|Any CPU = Debug|Any CPU
		Release|Any CPU = Release|Any CPU
	EndGlobalSection
	GlobalSection(ProjectConfigurationPlatforms) = postSolution
		{04F5F807-6868-4EB7-A03C-7B165A400AF4}.Debug|Any CPU.ActiveCfg = Debug|Any CPU
		{04F5F807-6868-4EB7-A03C-7B165A400AF4}.Debug|Any CPU.Build.0 = Debug|Any CPU
		{04F5F807-6868-4EB7-A03C-7B165A400AF4}.Release|Any CPU.ActiveCfg = Release|Any CPU
		{04F5F807-6868-4EB7-A03C-7B165A400AF4}.Release|Any CPU.Build.0 = Release|Any CPU
	EndGlobalSection
	GlobalSection(SolutionProperties) = preSolution
		HideSolutionNode = FALSE
	EndGlobalSection
	GlobalSection(ExtensibilityGlobals) = postSolution
		SolutionGuid = {D7D2B1FB-7FBB-4CA8-A9B9-0F04BF4034CB}
	EndGlobalSection
EndGlobal
